
Microsoft Visual Studio Solution File, Format Version 12.00
# Visual Studio Version 17
VisualStudioVersion = 17.0.32002.185
MinimumVisualStudioVersion = 10.0.40219.1
Project("{FAE04EC0-301F-11D3-BF4B-00C04F79EFBC}") = "WebProjectOnAuthorization", "WebProjectOnAuthorization\WebProjectOnAuthorization.csproj", "{0D84D437-E9E5-4667-845E-508DF8BF5F36}"
EndProject
Global
	GlobalSection(SolutionConfigurationPlatforms) = preSolution
		Debug|Any CPU = Debug|Any CPU
		Release|Any CPU = Release|Any CPU
	EndGlobalSection
	GlobalSection(ProjectConfigurationPlatforms) = postSolution
		{0D84D437-E9E5-4667-845E-508DF8BF5F36}.Debug|Any CPU.ActiveCfg = Debug|Any CPU
		{0D84D437-E9E5-4667-845E-508DF8BF5F36}.Debug|Any CPU.Build.0 = Debug|Any CPU
		{0D84D437-E9E5-4667-845E-508DF8BF5F36}.Release|Any CPU.ActiveCfg = Release|Any CPU
		{0D84D437-E9E5-4667-845E-508DF8BF5F36}.Release|Any CPU.Build.0 = Release|Any CPU
	EndGlobalSection
	GlobalSection(SolutionProperties) = preSolution
		HideSolutionNode = FALSE
	EndGlobalSection
	GlobalSection(ExtensibilityGlobals) = postSolution
		SolutionGuid = {3274FBB5-DB3D-4AF7-AE07-4A91C2FF1B42}
	EndGlobalSection
EndGlobal
